
Microsoft Visual Studio Solution File, Format Version 11.00
# Visual Web Developer Express 2010
Project("{FAE04EC0-301F-11D3-BF4B-00C04F79EFBC}") = "ClassLibrary3", "ClassLibrary3\ClassLibrary3.csproj", "{CC18CCE0-A499-4797-B1B1-DEF43815A701}"
EndProject
Project("{E24C65DC-7377-472B-9ABA-BC803B73C61A}") = "WebSite3", "WebSite3\", "{D5BB49C3-3368-4F71-9E4A-699B8FD9C656}"
	ProjectSection(WebsiteProperties) = preProject
		TargetFrameworkMoniker = ".NETFramework,Version%3Dv4.0"
		ProjectReferences = "{CC18CCE0-A499-4797-B1B1-DEF43815A701}|ClassLibrary3.dll;"
		Debug.AspNetCompiler.VirtualPath = "/WebSite3"
		Debug.AspNetCompiler.PhysicalPath = "WebSite3\"
		Debug.AspNetCompiler.TargetPath = "PrecompiledWeb\WebSite3\"
		Debug.AspNetCompiler.Updateable = "true"
		Debug.AspNetCompiler.ForceOverwrite = "true"
		Debug.AspNetCompiler.FixedNames = "false"
		Debug.AspNetCompiler.Debug = "True"
		Release.AspNetCompiler.VirtualPath = "/WebSite3"
		Release.AspNetCompiler.PhysicalPath = "WebSite3\"
		Release.AspNetCompiler.TargetPath = "PrecompiledWeb\WebSite3\"
		Release.AspNetCompiler.Updateable = "true"
		Release.AspNetCompiler.ForceOverwrite = "true"
		Release.AspNetCompiler.FixedNames = "false"
		Release.AspNetCompiler.Debug = "False"
		VWDPort = "2417"
		DefaultWebSiteLanguage = "Visual C#"
	EndProjectSection
EndProject
Global
	GlobalSection(SolutionConfigurationPlatforms) = preSolution
		Debug|Any CPU = Debug|Any CPU
		Release|Any CPU = Release|Any CPU
	EndGlobalSection
	GlobalSection(ProjectConfigurationPlatforms) = postSolution
		{CC18CCE0-A499-4797-B1B1-DEF43815A701}.Debug|Any CPU.ActiveCfg = Debug|Any CPU
		{CC18CCE0-A499-4797-B1B1-DEF43815A701}.Debug|Any CPU.Build.0 = Debug|Any CPU
		{CC18CCE0-A499-4797-B1B1-DEF43815A701}.Release|Any CPU.ActiveCfg = Release|Any CPU
		{CC18CCE0-A499-4797-B1B1-DEF43815A701}.Release|Any CPU.Build.0 = Release|Any CPU
		{D5BB49C3-3368-4F71-9E4A-699B8FD9C656}.Debug|Any CPU.ActiveCfg = Debug|Any CPU
		{D5BB49C3-3368-4F71-9E4A-699B8FD9C656}.Debug|Any CPU.Build.0 = Debug|Any CPU
		{D5BB49C3-3368-4F71-9E4A-699B8FD9C656}.Release|Any CPU.ActiveCfg = Debug|Any CPU
		{D5BB49C3-3368-4F71-9E4A-699B8FD9C656}.Release|Any CPU.Build.0 = Debug|Any CPU
	EndGlobalSection
	GlobalSection(SolutionProperties) = preSolution
		HideSolutionNode = FALSE
	EndGlobalSection
EndGlobal
